
Microsoft Visual Studio Solution File, Format Version 12.00
# Visual Studio Version 17
VisualStudioVersion = 17.13.35931.197
MinimumVisualStudioVersion = 10.0.40219.1
Project("{2150E333-8FDC-42A3-9474-1A3956D46DE8}") = "Presentation", "Presentation", "{02EA681E-C7D8-13C7-8484-4AC65E1B71E8}"
EndProject
Project("{FAE04EC0-301F-11D3-BF4B-00C04F79EFBC}") = "WebAPI", "Presentation\WebAPI\WebAPI.csproj", "{AA85D7FC-F751-4D47-A443-E25F11568651}"
EndProject
Project("{FAE04EC0-301F-11D3-BF4B-00C04F79EFBC}") = "BusinessLayer", "BusinessLayer\BusinessLayer.csproj", "{CE7561BF-56AC-4B21-B4C6-0A4F360FBFF7}"
EndProject
Project("{FAE04EC0-301F-11D3-BF4B-00C04F79EFBC}") = "DataAccessLayer", "DataAccessLayer\DataAccessLayer.csproj", "{1F243439-B0CE-48FA-B534-A8C8DFD58ED9}"
EndProject
Project("{FAE04EC0-301F-11D3-BF4B-00C04F79EFBC}") = "Blazor", "Presentation\Blazor\Blazor.csproj", "{D8C97BBA-85A5-45B5-BE75-8AE0077E5E90}"
EndProject
Global
	GlobalSection(SolutionConfigurationPlatforms) = preSolution
		Debug|Any CPU = Debug|Any CPU
		Release|Any CPU = Release|Any CPU
	EndGlobalSection
	GlobalSection(ProjectConfigurationPlatforms) = postSolution
		{AA85D7FC-F751-4D47-A443-E25F11568651}.Debug|Any CPU.ActiveCfg = Debug|Any CPU
		{AA85D7FC-F751-4D47-A443-E25F11568651}.Debug|Any CPU.Build.0 = Debug|Any CPU
		{AA85D7FC-F751-4D47-A443-E25F11568651}.Release|Any CPU.ActiveCfg = Release|Any CPU
		{AA85D7FC-F751-4D47-A443-E25F11568651}.Release|Any CPU.Build.0 = Release|Any CPU
		{CE7561BF-56AC-4B21-B4C6-0A4F360FBFF7}.Debug|Any CPU.ActiveCfg = Debug|Any CPU
		{CE7561BF-56AC-4B21-B4C6-0A4F360FBFF7}.Debug|Any CPU.Build.0 = Debug|Any CPU
		{CE7561BF-56AC-4B21-B4C6-0A4F360FBFF7}.Release|Any CPU.ActiveCfg = Release|Any CPU
		{CE7561BF-56AC-4B21-B4C6-0A4F360FBFF7}.Release|Any CPU.Build.0 = Release|Any CPU
		{1F243439-B0CE-48FA-B534-A8C8DFD58ED9}.Debug|Any CPU.ActiveCfg = Debug|Any CPU
		{1F243439-B0CE-48FA-B534-A8C8DFD58ED9}.Debug|Any CPU.Build.0 = Debug|Any CPU
		{1F243439-B0CE-48FA-B534-A8C8DFD58ED9}.Release|Any CPU.ActiveCfg = Release|Any CPU
		{1F243439-B0CE-48FA-B534-A8C8DFD58ED9}.Release|Any CPU.Build.0 = Release|Any CPU
		{D8C97BBA-85A5-45B5-BE75-8AE0077E5E90}.Debug|Any CPU.ActiveCfg = Debug|Any CPU
		{D8C97BBA-85A5-45B5-BE75-8AE0077E5E90}.Debug|Any CPU.Build.0 = Debug|Any CPU
		{D8C97BBA-85A5-45B5-BE75-8AE0077E5E90}.Release|Any CPU.ActiveCfg = Release|Any CPU
		{D8C97BBA-85A5-45B5-BE75-8AE0077E5E90}.Release|Any CPU.Build.0 = Release|Any CPU
	EndGlobalSection
	GlobalSection(SolutionProperties) = preSolution
		HideSolutionNode = FALSE
	EndGlobalSection
	GlobalSection(NestedProjects) = preSolution
		{AA85D7FC-F751-4D47-A443-E25F11568651} = {02EA681E-C7D8-13C7-8484-4AC65E1B71E8}
		{D8C97BBA-85A5-45B5-BE75-8AE0077E5E90} = {02EA681E-C7D8-13C7-8484-4AC65E1B71E8}
	EndGlobalSection
	GlobalSection(ExtensibilityGlobals) = postSolution
		SolutionGuid = {AF51DBBB-0123-4B1B-A77D-99EEB0756838}
	EndGlobalSection
EndGlobal
